{
  "name": "solana-starter",
  "lockfileVersion": 3,
  "requires": true,
  "packages": {
    "node_modules/@metaplex-foundation/mpl-token-metadata": {
      "version": "3.4.0",
      "resolved": "https://registry.npmjs.org/@metaplex-foundation/mpl-token-metadata/-/mpl-token-metadata-3.4.0.tgz",
      "integrity": "sha512-AxBAYCK73JWxY3g9//z/C9krkR0t1orXZDknUPS4+GjwGH2vgPfsk04yfZ31Htka2AdS9YE/3wH7sMUBHKn9Rg==",
      "dependencies": {
        "@metaplex-foundation/mpl-toolbox": "^0.10.0"
      },
      "peerDependencies": {
        "@metaplex-foundation/umi": ">= 0.8.2 <= 1"
      }
    },
    "node_modules/@metaplex-foundation/mpl-toolbox": {
      "version": "0.10.0",
      "resolved": "https://registry.npmjs.org/@metaplex-foundation/mpl-toolbox/-/mpl-toolbox-0.10.0.tgz",
      "integrity": "sha512-84KD1L5cFyw5xnntHwL4uPwfcrkKSiwuDeypiVr92qCUFuF3ZENa2zlFVPu+pQcjTlod2LmEX3MhBmNjRMpdKg==",
      "peerDependencies": {
        "@metaplex-foundation/umi": ">= 0.8.2 <= 1"
      }
    },
    "node_modules/@metaplex-foundation/umi": {
      "version": "1.1.1",
      "resolved": "https://registry.npmjs.org/@metaplex-foundation/umi/-/umi-1.1.1.tgz",
      "integrity": "sha512-8jHyTzcaUpNEeAgeSfOuYrJBGiT/iegF5V5kiZ0KGqvgnLTZpsf8eToegQrS0xLA7GZezRDSMaBGWVZZxoodTQ==",
      "peer": true,
      "dependencies": {
        "@metaplex-foundation/umi-options": "1.1.1",
        "@metaplex-foundation/umi-public-keys": "1.1.1",
        "@metaplex-foundation/umi-serializers": "1.1.1"
      }
    },
    "node_modules/@metaplex-foundation/umi-options": {
      "version": "1.1.1",
      "resolved": "https://registry.npmjs.org/@metaplex-foundation/umi-options/-/umi-options-1.1.1.tgz",
      "integrity": "sha512-oOvbnVbF6WIMM4Elr0t7DH+zXkTGuytqUdODuZlsCc8YOHHspn76z+Bl+fMfyYQ/Y1oxVAhjVii9MVdSiUMb7Q==",
      "peer": true
    },
    "node_modules/@metaplex-foundation/umi-public-keys": {
      "version": "1.1.1",
      "resolved": "https://registry.npmjs.org/@metaplex-foundation/umi-public-keys/-/umi-public-keys-1.1.1.tgz",
      "integrity": "sha512-wboy48lr9vR18IPum9mZ1nSk2bNDfTXKJAon26p6xDZzl3ywGZijOZJwSaDsjPwokKp1Sot1eXd8nrwIdg1Abg==",
      "peer": true,
      "dependencies": {
        "@metaplex-foundation/umi-serializers-encodings": "1.1.1"
      }
    },
    "node_modules/@metaplex-foundation/umi-serializers": {
      "version": "1.1.1",
      "resolved": "https://registry.npmjs.org/@metaplex-foundation/umi-serializers/-/umi-serializers-1.1.1.tgz",
      "integrity": "sha512-bR3DwA+6N1GMMToZw3C9DvuRQQFYtFOIJRnBDXhBBezpzz2S/imoEMZRaHjWCNdNrZy4x3LZjqcgmO9ynPLpXQ==",
      "peer": true,
      "dependencies": {
        "@metaplex-foundation/umi-options": "1.1.1",
        "@metaplex-foundation/umi-public-keys": "1.1.1",
        "@metaplex-foundation/umi-serializers-core": "1.1.1",
        "@metaplex-foundation/umi-serializers-encodings": "1.1.1",
        "@metaplex-foundation/umi-serializers-numbers": "1.1.1"
      }
    },
    "node_modules/@metaplex-foundation/umi-serializers-core": {
      "version": "1.1.1",
      "resolved": "https://registry.npmjs.org/@metaplex-foundation/umi-serializers-core/-/umi-serializers-core-1.1.1.tgz",
      "integrity": "sha512-w+0hiOA9tuD7R2EthNiMB01QEeBvFs5Jeegnqjr7z0pfmxWYu2n1J1HkJJcqaPjqyilJ1aOuPZ8lhL3UNhBDjA==",
      "peer": true
    },
    "node_modules/@metaplex-foundation/umi-serializers-encodings": {
      "version": "1.1.1",
      "resolved": "https://registry.npmjs.org/@metaplex-foundation/umi-serializers-encodings/-/umi-serializers-encodings-1.1.1.tgz",
      "integrity": "sha512-wDi2MKgfLN9jv6FFxFFkqFYVuRFuaM4HIpKM7Hww6Cdd2zZhbWUatULIfq5aebzxjjNMdjvLPW1+g3BEZPrVsA==",
      "peer": true,
      "dependencies": {
        "@metaplex-foundation/umi-serializers-core": "1.1.1"
      }
    },
    "node_modules/@metaplex-foundation/umi-serializers-numbers": {
      "version": "1.1.1",
      "resolved": "https://registry.npmjs.org/@metaplex-foundation/umi-serializers-numbers/-/umi-serializers-numbers-1.1.1.tgz",
      "integrity": "sha512-OkY7k6m9nusBPcFaUulmaw1fs7icc+WUOaq6XK9NXMqHCMRPYOTvr3yLG9iCUI+cRbhpphddtRKFAgPFYoz0mw==",
      "peer": true,
      "dependencies": {
        "@metaplex-foundation/umi-serializers-core": "1.1.1"
      }
    }
  }
}
